
Microsoft Visual Studio Solution File, Format Version 12.00
# Visual Studio Version 17
VisualStudioVersion = 17.8.34330.188
MinimumVisualStudioVersion = 10.0.40219.1
Project("{FAE04EC0-301F-11D3-BF4B-00C04F79EFBC}") = "Prescripteur", "Prescripteur\Prescripteur\Prescripteur.csproj", "{F00DA37D-B8A1-4F1C-B237-BB22A3500197}"
EndProject
Project("{FAE04EC0-301F-11D3-BF4B-00C04F79EFBC}") = "Prescripteur.Client", "Prescripteur\Prescripteur.Client\Prescripteur.Client.csproj", "{77785942-4E4F-4BFC-8B70-88DA2BF846B1}"
EndProject
Project("{FAE04EC0-301F-11D3-BF4B-00C04F79EFBC}") = "Prescripteur.Api", "Prescripteur.Api\Prescripteur.Api.csproj", "{630425C0-AA90-4915-A247-F664F975979B}"
EndProject
Global
	GlobalSection(SolutionConfigurationPlatforms) = preSolution
		Debug|Any CPU = Debug|Any CPU
		Release|Any CPU = Release|Any CPU
	EndGlobalSection
	GlobalSection(ProjectConfigurationPlatforms) = postSolution
		{F00DA37D-B8A1-4F1C-B237-BB22A3500197}.Debug|Any CPU.ActiveCfg = Debug|Any CPU
		{F00DA37D-B8A1-4F1C-B237-BB22A3500197}.Debug|Any CPU.Build.0 = Debug|Any CPU
		{F00DA37D-B8A1-4F1C-B237-BB22A3500197}.Release|Any CPU.ActiveCfg = Release|Any CPU
		{F00DA37D-B8A1-4F1C-B237-BB22A3500197}.Release|Any CPU.Build.0 = Release|Any CPU
		{77785942-4E4F-4BFC-8B70-88DA2BF846B1}.Debug|Any CPU.ActiveCfg = Debug|Any CPU
		{77785942-4E4F-4BFC-8B70-88DA2BF846B1}.Debug|Any CPU.Build.0 = Debug|Any CPU
		{77785942-4E4F-4BFC-8B70-88DA2BF846B1}.Release|Any CPU.ActiveCfg = Release|Any CPU
		{77785942-4E4F-4BFC-8B70-88DA2BF846B1}.Release|Any CPU.Build.0 = Release|Any CPU
		{630425C0-AA90-4915-A247-F664F975979B}.Debug|Any CPU.ActiveCfg = Debug|Any CPU
		{630425C0-AA90-4915-A247-F664F975979B}.Debug|Any CPU.Build.0 = Debug|Any CPU
		{630425C0-AA90-4915-A247-F664F975979B}.Release|Any CPU.ActiveCfg = Release|Any CPU
		{630425C0-AA90-4915-A247-F664F975979B}.Release|Any CPU.Build.0 = Release|Any CPU
	EndGlobalSection
	GlobalSection(SolutionProperties) = preSolution
		HideSolutionNode = FALSE
	EndGlobalSection
	GlobalSection(ExtensibilityGlobals) = postSolution
		SolutionGuid = {3E8B3535-9FD4-4E8A-AAAA-944C3049476E}
	EndGlobalSection
EndGlobal
